
Microsoft Visual Studio Solution File, Format Version 12.00
# Visual Studio Version 17
VisualStudioVersion = 17.8.34330.188
MinimumVisualStudioVersion = 10.0.40219.1
Project("{FAE04EC0-301F-11D3-BF4B-00C04F79EFBC}") = "StudentsManagemantSystem", "StudentsManagemantSystem\StudentsManagemantSystem.csproj", "{A3B0991E-9C6E-42D2-9553-FDA2A935BCD5}"
EndProject
Global
	GlobalSection(SolutionConfigurationPlatforms) = preSolution
		Debug|Any CPU = Debug|Any CPU
		Release|Any CPU = Release|Any CPU
	EndGlobalSection
	GlobalSection(ProjectConfigurationPlatforms) = postSolution
		{A3B0991E-9C6E-42D2-9553-FDA2A935BCD5}.Debug|Any CPU.ActiveCfg = Debug|Any CPU
		{A3B0991E-9C6E-42D2-9553-FDA2A935BCD5}.Debug|Any CPU.Build.0 = Debug|Any CPU
		{A3B0991E-9C6E-42D2-9553-FDA2A935BCD5}.Release|Any CPU.ActiveCfg = Release|Any CPU
		{A3B0991E-9C6E-42D2-9553-FDA2A935BCD5}.Release|Any CPU.Build.0 = Release|Any CPU
	EndGlobalSection
	GlobalSection(SolutionProperties) = preSolution
		HideSolutionNode = FALSE
	EndGlobalSection
	GlobalSection(ExtensibilityGlobals) = postSolution
		SolutionGuid = {DF3D51A5-93B0-44C1-AFDE-E0036DAD4556}
	EndGlobalSection
EndGlobal
